Microsoft Visual Studio Solution File, Format Version 12.00
# Visual Studio 15
VisualStudioVersion = 15.0.27130.2003
MinimumVisualStudioVersion = 10.0.40219.1
Project("{9A19103F-16F7-4668-BE54-9A1E7A4F7556}") = "Hub", "Hub\Hub.csproj", "{45CEC24F-A1BF-4FDE-89B9-AF028CD16B55}"
EndProject
Project("{9A19103F-16F7-4668-BE54-9A1E7A4F7556}") = "Tests", "Tests\Tests.csproj", "{98C5E62C-3C9A-4133-A9AD-FE92A657946E}"
EndProject
Project("{9A19103F-16F7-4668-BE54-9A1E7A4F7556}") = "WebSubClient", "WebSubClient\WebSubClient.csproj", "{30974D35-F3BF-467A-A986-4B6762446EB2}"
EndProject
Project("{9A19103F-16F7-4668-BE54-9A1E7A4F7556}") = "Common", "Common\Common.csproj", "{04E783BC-C113-4E33-AEEE-8781D0244CC1}"
EndProject
Global
	GlobalSection(SolutionConfigurationPlatforms) = preSolution
		Debug|Any CPU = Debug|Any CPU
		Debug|x64 = Debug|x64
		Debug|x86 = Debug|x86
		Release|Any CPU = Release|Any CPU
		Release|x64 = Release|x64
		Release|x86 = Release|x86
	EndGlobalSection
	GlobalSection(ProjectConfigurationPlatforms) = postSolution
		{45CEC24F-A1BF-4FDE-89B9-AF028CD16B55}.Debug|Any CPU.ActiveCfg = Debug|Any CPU
		{45CEC24F-A1BF-4FDE-89B9-AF028CD16B55}.Debug|Any CPU.Build.0 = Debug|Any CPU
		{45CEC24F-A1BF-4FDE-89B9-AF028CD16B55}.Debug|x64.ActiveCfg = Debug|Any CPU
		{45CEC24F-A1BF-4FDE-89B9-AF028CD16B55}.Debug|x64.Build.0 = Debug|Any CPU
		{45CEC24F-A1BF-4FDE-89B9-AF028CD16B55}.Debug|x86.ActiveCfg = Debug|Any CPU
		{45CEC24F-A1BF-4FDE-89B9-AF028CD16B55}.Debug|x86.Build.0 = Debug|Any CPU
		{45CEC24F-A1BF-4FDE-89B9-AF028CD16B55}.Release|Any CPU.ActiveCfg = Release|Any CPU
		{45CEC24F-A1BF-4FDE-89B9-AF028CD16B55}.Release|Any CPU.Build.0 = Release|Any CPU
		{45CEC24F-A1BF-4FDE-89B9-AF028CD16B55}.Release|x64.ActiveCfg = Release|Any CPU
		{45CEC24F-A1BF-4FDE-89B9-AF028CD16B55}.Release|x64.Build.0 = Release|Any CPU
		{45CEC24F-A1BF-4FDE-89B9-AF028CD16B55}.Release|x86.ActiveCfg = Release|Any CPU
		{45CEC24F-A1BF-4FDE-89B9-AF028CD16B55}.Release|x86.Build.0 = Release|Any CPU
		{98C5E62C-3C9A-4133-A9AD-FE92A657946E}.Debug|Any CPU.ActiveCfg = Debug|Any CPU
		{98C5E62C-3C9A-4133-A9AD-FE92A657946E}.Debug|Any CPU.Build.0 = Debug|Any CPU
		{98C5E62C-3C9A-4133-A9AD-FE92A657946E}.Debug|x64.ActiveCfg = Debug|Any CPU
		{98C5E62C-3C9A-4133-A9AD-FE92A657946E}.Debug|x64.Build.0 = Debug|Any CPU
		{98C5E62C-3C9A-4133-A9AD-FE92A657946E}.Debug|x86.ActiveCfg = Debug|Any CPU
		{98C5E62C-3C9A-4133-A9AD-FE92A657946E}.Debug|x86.Build.0 = Debug|Any CPU
		{98C5E62C-3C9A-4133-A9AD-FE92A657946E}.Release|Any CPU.ActiveCfg = Release|Any CPU
		{98C5E62C-3C9A-4133-A9AD-FE92A657946E}.Release|Any CPU.Build.0 = Release|Any CPU
		{98C5E62C-3C9A-4133-A9AD-FE92A657946E}.Release|x64.ActiveCfg = Release|Any CPU
		{98C5E62C-3C9A-4133-A9AD-FE92A657946E}.Release|x64.Build.0 = Release|Any CPU
		{98C5E62C-3C9A-4133-A9AD-FE92A657946E}.Release|x86.ActiveCfg = Release|Any CPU
		{98C5E62C-3C9A-4133-A9AD-FE92A657946E}.Release|x86.Build.0 = Release|Any CPU
		{30974D35-F3BF-467A-A986-4B6762446EB2}.Debug|Any CPU.ActiveCfg = Debug|Any CPU
		{30974D35-F3BF-467A-A986-4B6762446EB2}.Debug|Any CPU.Build.0 = Debug|Any CPU
		{30974D35-F3BF-467A-A986-4B6762446EB2}.Debug|x64.ActiveCfg = Debug|Any CPU
		{30974D35-F3BF-467A-A986-4B6762446EB2}.Debug|x64.Build.0 = Debug|Any CPU
		{30974D35-F3BF-467A-A986-4B6762446EB2}.Debug|x86.ActiveCfg = Debug|Any CPU
		{30974D35-F3BF-467A-A986-4B6762446EB2}.Debug|x86.Build.0 = Debug|Any CPU
		{30974D35-F3BF-467A-A986-4B6762446EB2}.Release|Any CPU.ActiveCfg = Release|Any CPU
		{30974D35-F3BF-467A-A986-4B6762446EB2}.Release|Any CPU.Build.0 = Release|Any CPU
		{30974D35-F3BF-467A-A986-4B6762446EB2}.Release|x64.ActiveCfg = Release|Any CPU
		{30974D35-F3BF-467A-A986-4B6762446EB2}.Release|x64.Build.0 = Release|Any CPU
		{30974D35-F3BF-467A-A986-4B6762446EB2}.Release|x86.ActiveCfg = Release|Any CPU
		{30974D35-F3BF-467A-A986-4B6762446EB2}.Release|x86.Build.0 = Release|Any CPU
		{04E783BC-C113-4E33-AEEE-8781D0244CC1}.Debug|Any CPU.ActiveCfg = Debug|Any CPU
		{04E783BC-C113-4E33-AEEE-8781D0244CC1}.Debug|Any CPU.Build.0 = Debug|Any CPU
		{04E783BC-C113-4E33-AEEE-8781D0244CC1}.Debug|x64.ActiveCfg = Debug|Any CPU
		{04E783BC-C113-4E33-AEEE-8781D0244CC1}.Debug|x64.Build.0 = Debug|Any CPU
		{04E783BC-C113-4E33-AEEE-8781D0244CC1}.Debug|x86.ActiveCfg = Debug|Any CPU
		{04E783BC-C113-4E33-AEEE-8781D0244CC1}.Debug|x86.Build.0 = Debug|Any CPU
		{04E783BC-C113-4E33-AEEE-8781D0244CC1}.Release|Any CPU.ActiveCfg = Release|Any CPU
		{04E783BC-C113-4E33-AEEE-8781D0244CC1}.Release|Any CPU.Build.0 = Release|Any CPU
		{04E783BC-C113-4E33-AEEE-8781D0244CC1}.Release|x64.ActiveCfg = Release|Any CPU
		{04E783BC-C113-4E33-AEEE-8781D0244CC1}.Release|x64.Build.0 = Release|Any CPU
		{04E783BC-C113-4E33-AEEE-8781D0244CC1}.Release|x86.ActiveCfg = Release|Any CPU
		{04E783BC-C113-4E33-AEEE-8781D0244CC1}.Release|x86.Build.0 = Release|Any CPU
	EndGlobalSection
	GlobalSection(SolutionProperties) = preSolution
		HideSolutionNode = FALSE
	EndGlobalSection
	GlobalSection(ExtensibilityGlobals) = postSolution
		SolutionGuid = {C432F053-0BEC-499F-A70A-434647070355}
	EndGlobalSection
EndGlobal
